
Microsoft Visual Studio Solution File, Format Version 12.00
# Visual Studio Version 17
VisualStudioVersion = 17.5.33530.505
MinimumVisualStudioVersion = 10.0.40219.1
Project("{FAE04EC0-301F-11D3-BF4B-00C04F79EFBC}") = "GTFysBookingSystem", "GTFysBookingSystem\GTFysBookingSystem.csproj", "{AD531820-26DB-4FC2-8C72-726216237539}"
EndProject
Global
	GlobalSection(SolutionConfigurationPlatforms) = preSolution
		Debug|Any CPU = Debug|Any CPU
		Release|Any CPU = Release|Any CPU
	EndGlobalSection
	GlobalSection(ProjectConfigurationPlatforms) = postSolution
		{AD531820-26DB-4FC2-8C72-726216237539}.Debug|Any CPU.ActiveCfg = Debug|Any CPU
		{AD531820-26DB-4FC2-8C72-726216237539}.Debug|Any CPU.Build.0 = Debug|Any CPU
		{AD531820-26DB-4FC2-8C72-726216237539}.Release|Any CPU.ActiveCfg = Release|Any CPU
		{AD531820-26DB-4FC2-8C72-726216237539}.Release|Any CPU.Build.0 = Release|Any CPU
	EndGlobalSection
	GlobalSection(SolutionProperties) = preSolution
		HideSolutionNode = FALSE
	EndGlobalSection
	GlobalSection(ExtensibilityGlobals) = postSolution
		SolutionGuid = {E55FD896-7D43-4292-B56B-5A9535C457C9}
	EndGlobalSection
EndGlobal
